
Microsoft Visual Studio Solution File, Format Version 12.00
# Visual Studio Version 16
VisualStudioVersion = 16.0.29505.145
MinimumVisualStudioVersion = 10.0.40219.1
Project("{9A19103F-16F7-4668-BE54-9A1E7A4F7556}") = "Data", "Data\Data.csproj", "{2CC06E49-5A02-4488-B282-DF47F8520825}"
EndProject
Project("{9A19103F-16F7-4668-BE54-9A1E7A4F7556}") = "Engine", "Engine\Engine.csproj", "{018B42A8-3E89-4D3C-AC74-1333C6287894}"
EndProject
Project("{9A19103F-16F7-4668-BE54-9A1E7A4F7556}") = "Game", "Game\Game.csproj", "{E348519D-CE19-4F29-8170-71F229C5B06F}"
EndProject
Project("{FAE04EC0-301F-11D3-BF4B-00C04F79EFBC}") = "WpfInterface", "WpfInterface\WpfInterface.csproj", "{296002FD-7D2E-44D5-A3F1-A29DF64D866A}"
EndProject
Project("{FAE04EC0-301F-11D3-BF4B-00C04F79EFBC}") = "Resources", "Resources\Resources.csproj", "{078629DC-A481-471B-B7AC-0F1779437A24}"
EndProject
Global
	GlobalSection(SolutionConfigurationPlatforms) = preSolution
		Debug|Any CPU = Debug|Any CPU
		Release|Any CPU = Release|Any CPU
	EndGlobalSection
	GlobalSection(ProjectConfigurationPlatforms) = postSolution
		{2CC06E49-5A02-4488-B282-DF47F8520825}.Debug|Any CPU.ActiveCfg = Debug|Any CPU
		{2CC06E49-5A02-4488-B282-DF47F8520825}.Debug|Any CPU.Build.0 = Debug|Any CPU
		{2CC06E49-5A02-4488-B282-DF47F8520825}.Release|Any CPU.ActiveCfg = Release|Any CPU
		{2CC06E49-5A02-4488-B282-DF47F8520825}.Release|Any CPU.Build.0 = Release|Any CPU
		{018B42A8-3E89-4D3C-AC74-1333C6287894}.Debug|Any CPU.ActiveCfg = Debug|Any CPU
		{018B42A8-3E89-4D3C-AC74-1333C6287894}.Debug|Any CPU.Build.0 = Debug|Any CPU
		{018B42A8-3E89-4D3C-AC74-1333C6287894}.Release|Any CPU.ActiveCfg = Release|Any CPU
		{018B42A8-3E89-4D3C-AC74-1333C6287894}.Release|Any CPU.Build.0 = Release|Any CPU
		{E348519D-CE19-4F29-8170-71F229C5B06F}.Debug|Any CPU.ActiveCfg = Debug|Any CPU
		{E348519D-CE19-4F29-8170-71F229C5B06F}.Debug|Any CPU.Build.0 = Debug|Any CPU
		{E348519D-CE19-4F29-8170-71F229C5B06F}.Release|Any CPU.ActiveCfg = Release|Any CPU
		{E348519D-CE19-4F29-8170-71F229C5B06F}.Release|Any CPU.Build.0 = Release|Any CPU
		{296002FD-7D2E-44D5-A3F1-A29DF64D866A}.Debug|Any CPU.ActiveCfg = Debug|Any CPU
		{296002FD-7D2E-44D5-A3F1-A29DF64D866A}.Debug|Any CPU.Build.0 = Debug|Any CPU
		{296002FD-7D2E-44D5-A3F1-A29DF64D866A}.Release|Any CPU.ActiveCfg = Release|Any CPU
		{296002FD-7D2E-44D5-A3F1-A29DF64D866A}.Release|Any CPU.Build.0 = Release|Any CPU
		{078629DC-A481-471B-B7AC-0F1779437A24}.Debug|Any CPU.ActiveCfg = Debug|Any CPU
		{078629DC-A481-471B-B7AC-0F1779437A24}.Debug|Any CPU.Build.0 = Debug|Any CPU
		{078629DC-A481-471B-B7AC-0F1779437A24}.Release|Any CPU.ActiveCfg = Release|Any CPU
		{078629DC-A481-471B-B7AC-0F1779437A24}.Release|Any CPU.Build.0 = Release|Any CPU
	EndGlobalSection
	GlobalSection(SolutionProperties) = preSolution
		HideSolutionNode = FALSE
	EndGlobalSection
	GlobalSection(ExtensibilityGlobals) = postSolution
		SolutionGuid = {6BE1CEBA-FD20-4400-A44A-A1F6AC3E65A1}
	EndGlobalSection
EndGlobal
